
Microsoft Visual Studio Solution File, Format Version 12.00
# Visual Studio Version 16
VisualStudioVersion = 16.0.30523.141
MinimumVisualStudioVersion = 10.0.40219.1
Project("{888888A0-9F3D-457C-B088-3A5042F75D52}") = "lucky", "lucky.pyproj", "{6E3D1ABC-AE56-451F-AFA8-A0730606C13D}"
EndProject
Global
	GlobalSection(SolutionConfigurationPlatforms) = preSolution
		Debug|Any CPU = Debug|Any CPU
		Release|Any CPU = Release|Any CPU
	EndGlobalSection
	GlobalSection(ProjectConfigurationPlatforms) = postSolution
		{6E3D1ABC-AE56-451F-AFA8-A0730606C13D}.Debug|Any CPU.ActiveCfg = Debug|Any CPU
		{6E3D1ABC-AE56-451F-AFA8-A0730606C13D}.Release|Any CPU.ActiveCfg = Release|Any CPU
	EndGlobalSection
	GlobalSection(SolutionProperties) = preSolution
		HideSolutionNode = FALSE
	EndGlobalSection
	GlobalSection(ExtensibilityGlobals) = postSolution
		SolutionGuid = {0B15DF0D-1E1C-4066-8D42-2CAFEED97374}
	EndGlobalSection
EndGlobal
